
Microsoft Visual Studio Solution File, Format Version 12.00
# Visual Studio Version 17
VisualStudioVersion = 17.2.32630.192
MinimumVisualStudioVersion = 10.0.40219.1
Project("{FAE04EC0-301F-11D3-BF4B-00C04F79EFBC}") = "LMSS", "LMSS\LMSS.csproj", "{936ABE51-C211-4255-870D-729F7512216A}"
EndProject
Global
	GlobalSection(SolutionConfigurationPlatforms) = preSolution
		Debug|Any CPU = Debug|Any CPU
		Release|Any CPU = Release|Any CPU
	EndGlobalSection
	GlobalSection(ProjectConfigurationPlatforms) = postSolution
		{936ABE51-C211-4255-870D-729F7512216A}.Debug|Any CPU.ActiveCfg = Debug|Any CPU
		{936ABE51-C211-4255-870D-729F7512216A}.Debug|Any CPU.Build.0 = Debug|Any CPU
		{936ABE51-C211-4255-870D-729F7512216A}.Release|Any CPU.ActiveCfg = Release|Any CPU
		{936ABE51-C211-4255-870D-729F7512216A}.Release|Any CPU.Build.0 = Release|Any CPU
	EndGlobalSection
	GlobalSection(SolutionProperties) = preSolution
		HideSolutionNode = FALSE
	EndGlobalSection
	GlobalSection(ExtensibilityGlobals) = postSolution
		SolutionGuid = {B3D66F20-0DE7-4C97-8DAA-E8FA4DAA512A}
	EndGlobalSection
EndGlobal
